<?xml version="1.0" encoding="utf-8"?>
<Project ToolsVersion="4.0" xmlns="http://schemas.microsoft.com/developer/msbuild/2003">
  <ItemGroup>
    <ClCompile Include="Game\MainMenu.cpp" />
    <ClCompile Include="Game\Player\Player.cpp" />
    <ClCompile Include="Glitch.cpp" />
    <ClCompile Include="Game\Level.cpp" />
    <ClCompile Include="SceneSwitcher\SceneSwitcher.cpp" />
    <ClCompile Include="pch.cpp" />
    <ClCompile Include="Game\Overworld\Overworld.cpp" />
  </ItemGroup>
  <ItemGroup>
    <ClInclude Include="Game\Buttons\PrimaryButton.h" />
    <ClInclude Include="Game\Buttons\SecondaryButton.h" />
    <ClInclude Include="Game\MainMenu.h" />
    <ClInclude Include="Game\Player\Player.h" />
    <ClInclude Include="Glitch.h" />
    <ClInclude Include="Game\Level.h" />
    <ClInclude Include="Game\SpriteState.h" />
    <ClInclude Include="SceneSwitcher\SceneSwitcher.h" />
    <ClInclude Include="pch.h" />
    <ClInclude Include="Game\Overworld\Overworld.h" />
    <ClInclude Include="Glitch.h">
      <Filter>Header Files</Filter>
    </ClInclude>
    <ClInclude Include="Game\Player\Player.h">
      <Filter>Header Files</Filter>
    </ClInclude>
    <ClInclude Include="Game\Level.h">
      <Filter>Header Files</Filter>
    </ClInclude>
    <ClInclude Include="Game\SpriteState.h">
      <Filter>Header Files</Filter>
    </ClInclude>
    <ClInclude Include="SceneSwitcher\SceneSwitcher.h">
      <Filter>Header Files</Filter>
    </ClInclude>
    <ClInclude Include="Game\Buttons\PrimaryButton.h">
      <Filter>Header Files</Filter>
    </ClInclude>
    <ClInclude Include="Game\Buttons\SecondaryButton.h">
      <Filter>Header Files</Filter>
    </ClInclude>
    <ClInclude Include="Game\Scenes\Transitions\Transitions.h">
      <Filter>Header Files</Filter>
    </ClInclude>
    <ClInclude Include="Game\Scenes\Transitions\GeneralTransition\GeneralTransition.h">
      <Filter>Header Files</Filter>
    </ClInclude>
    <ClInclude Include="Game\Scenes\MainMenu\MainMenu.h">
      <Filter>Header Files</Filter>
    </ClInclude>
    <ClInclude Include="Game\Scenes\Scenes.h">
      <Filter>Header Files</Filter>
    </ClInclude>
    <ClInclude Include="pch.h">
      <Filter>Header Files</Filter>
    </ClInclude>
  </ItemGroup>
  <ItemGroup>
    <ClCompile Include="Glitch.cpp">
      <Filter>Source Files</Filter>
    </ClCompile>
    <ClCompile Include="Game\Player\Player.cpp">
      <Filter>Source Files</Filter>
    </ClCompile>
    <ClCompile Include="Game\Level.cpp">
      <Filter>Source Files</Filter>
    </ClCompile>
    <ClCompile Include="SceneSwitcher\SceneSwitcher.cpp">
      <Filter>Source Files</Filter>
    </ClCompile>
    <ClCompile Include="Game\Scenes\Transitions\GeneralTransition\GeneralTransition.cpp">
      <Filter>Source Files</Filter>
    </ClCompile>
    <ClCompile Include="Game\Scenes\MainMenu\MainMenu.cpp">
      <Filter>Source Files</Filter>
    </ClCompile>
    <ClCompile Include="pch.cpp">
      <Filter>Source Files</Filter>
    </ClCompile>
  </ItemGroup>
</Project>
