<?xml version="1.0" encoding="utf-8"?>
<Project ToolsVersion="4.0" xmlns="http://schemas.microsoft.com/developer/msbuild/2003">
  <ItemGroup>
    <ClCompile Include="Game\MainMenu.cpp" />
    <ClCompile Include="Game\Player\Player.cpp" />
    <ClCompile Include="Glitch.cpp" />
    <ClCompile Include="Game\Level.cpp" />
    <ClCompile Include="SceneSwitcher\SceneSwitcher.cpp" />
    <ClCompile Include="pch.cpp" />
    <ClCompile Include="Game\Overworld\Overworld.cpp" />
  </ItemGroup>
  <ItemGroup>
    <ClInclude Include="Game\Buttons\PrimaryButton.h" />
    <ClInclude Include="Game\Buttons\SecondaryButton.h" />
    <ClInclude Include="Game\MainMenu.h" />
    <ClInclude Include="Game\Player\Player.h" />
    <ClInclude Include="Glitch.h" />
    <ClInclude Include="Game\Level.h" />
    <ClInclude Include="Game\SpriteState.h" />
    <ClInclude Include="SceneSwitcher\SceneSwitcher.h" />
    <ClInclude Include="pch.h" />
    <ClInclude Include="Game\Overworld\Overworld.h" />
  </ItemGroup>
</Project>