<?xml version="1.0" encoding="utf-8"?>
<Project ToolsVersion="4.0" xmlns="http://schemas.microsoft.com/developer/msbuild/2003">
  <ItemGroup>
    <Filter Include="Source Files">
      <UniqueIdentifier>{4FC737F1-C7A5-4376-A066-2A32D752A2FF}</UniqueIdentifier>
      <Extensions>cpp;c;cc;cxx;c++;cppm;ixx;def;odl;idl;hpj;bat;asm;asmx</Extensions>
    </Filter>
    <Filter Include="Header Files">
      <UniqueIdentifier>{93995380-89BD-4b04-88EB-625FBE52EBFB}</UniqueIdentifier>
      <Extensions>h;hh;hpp;hxx;h++;hm;inl;inc;ipp;xsd</Extensions>
    </Filter>
    <Filter Include="Resource Files">
      <UniqueIdentifier>{67DA6AB6-F800-4c08-8B7A-83BB121AAD01}</UniqueIdentifier>
      <Extensions>rc;ico;cur;bmp;dlg;rc2;rct;bin;rgs;gif;jpg;jpeg;jpe;resx;tiff;tif;png;wav;mfcribbon-ms</Extensions>
    </Filter>
  </ItemGroup>
  <ItemGroup>
    <ClCompile Include="pch.cpp">
      <Filter>Source Files</Filter>
    </ClCompile>
    <ClCompile Include="GlitchTests\src\Characters\PlayerTests.cpp">
      <Filter>Source Files</Filter>
    </ClCompile>
    <ClCompile Include="GlitchTests\src\Characters\Enemies\JumpkinTests.cpp">
      <Filter>Source Files</Filter>
    </ClCompile>
    <ClCompile Include="GlitchTests\src\Characters\Enemies\FleyeTests.cpp">
      <Filter>Source Files</Filter>
    </ClCompile>
    <ClCompile Include="GlitchTests\src\Characters\Enemies\SlimeTests.cpp">
      <Filter>Source Files</Filter>
    </ClCompile>
    <ClCompile Include="GlitchTests\src\Factories\TriggerFactoryTests.cpp">
      <Filter>Source Files</Filter>
    </ClCompile>
    <ClCompile Include="GlitchTests\src\Factories\CharacterFactoryTests.cpp">
      <Filter>Source Files</Filter>
    </ClCompile>
    <ClCompile Include="GlitchTests\src\Levels\LevelTests.cpp">
      <Filter>Source Files</Filter>
    </ClCompile>
    <ClCompile Include="GlitchTests\src\Levels\LoadLevelFacadeTests.cpp">
      <Filter>Source Files</Filter>
    </ClCompile>
    <ClCompile Include="GlitchTests\src\Levels\LevelBuilderTests.cpp">
      <Filter>Source Files</Filter>
    </ClCompile>
    <ClCompile Include="GlitchTests\src\Commands\GameKeypressInvokerTests.cpp">
      <Filter>Source Files</Filter>
    </ClCompile>
    <ClCompile Include="GlitchTests\src\SaveGame\SaveGameTests.cpp">
      <Filter>Source Files</Filter>
    </ClCompile>
    <ClCompile Include="GlitchTests\src\States\Player\DamageCooldownStateTests.cpp">
      <Filter>Source Files</Filter>
    </ClCompile>
    <ClCompile Include="GlitchTests\src\States\Player\GodStateTests.cpp">
      <Filter>Source Files</Filter>
    </ClCompile>
    <ClCompile Include="GlitchTests\src\States\Player\NormalState.cpp">
      <Filter>Source Files</Filter>
    </ClCompile>
    <ClCompile Include="GlitchTests\src\States\StateMachineTests.cpp">
      <Filter>Source Files</Filter>
    </ClCompile>
    <ClCompile Include="GlitchTests\src\Triggers\DeathTriggerTests.cpp">
      <Filter>Source Files</Filter>
    </ClCompile>
    <ClCompile Include="GlitchTests\src\Characters\Enemies\SlimeBossTests.cpp">
      <Filter>Source Files</Filter>
    </ClCompile>
  </ItemGroup>
  <ItemGroup>
    <ClInclude Include="pch.h">
      <Filter>Header Files</Filter>
    </ClInclude>
    <ClInclude Include="GlitchTests\src\mocks\MockScene.h">
      <Filter>Header Files</Filter>
    </ClInclude>
    <ClInclude Include="GlitchTests\src\mocks\MockPlayer.h">
      <Filter>Header Files</Filter>
    </ClInclude>
    <ClInclude Include="GlitchTests\src\mocks\MockFleye.h">
      <Filter>Header Files</Filter>
    </ClInclude>
    <ClInclude Include="GlitchTests\src\mocks\MockJumpkin.h">
      <Filter>Header Files</Filter>
    </ClInclude>
    <ClInclude Include="GlitchTests\src\mocks\MockSlime.h">
      <Filter>Header Files</Filter>
    </ClInclude>
    <ClInclude Include="GlitchTests\src\mocks\MockObj.h">
      <Filter>Header Files</Filter>
    </ClInclude>
    <ClInclude Include="GlitchTests\src\mocks\MockState.h">
      <Filter>Header Files</Filter>
    </ClInclude>
    <ClInclude Include="GlitchTests\src\mocks\MockSlimeBoss.h">
      <Filter>Header Files</Filter>
    </ClInclude>
    <ClInclude Include="GlitchTests\src\States\SlimeBoss\SlimeBossGodState.h">
      <Filter>Header Files</Filter>
    </ClInclude>
  </ItemGroup>
</Project>